<?xml version="1.0" encoding="utf-8"?>
<Project ToolsVersion="4.0" xmlns="http://schemas.microsoft.com/developer/msbuild/2003">
  <ItemGroup>
    <Filter Include="Source Files">
      <UniqueIdentifier>{4FC737F1-C7A5-4376-A066-2A32D752A2FF}</UniqueIdentifier>
      <Extensions>cpp;c;cc;cxx;c++;cppm;ixx;def;odl;idl;hpj;bat;asm;asmx</Extensions>
    </Filter>
    <Filter Include="Header Files">
      <UniqueIdentifier>{93995380-89BD-4b04-88EB-625FBE52EBFB}</UniqueIdentifier>
      <Extensions>h;hh;hpp;hxx;h++;hm;inl;inc;ipp;xsd</Extensions>
    </Filter>
    <Filter Include="Resource Files">
      <UniqueIdentifier>{67DA6AB6-F800-4c08-8B7A-83BB121AAD01}</UniqueIdentifier>
      <Extensions>rc;ico;cur;bmp;dlg;rc2;rct;bin;rgs;gif;jpg;jpeg;jpe;resx;tiff;tif;png;wav;mfcribbon-ms</Extensions>
    </Filter>
  </ItemGroup>
  <ItemGroup>
    <ClCompile Include="Action.cpp">
      <Filter>Source Files</Filter>
    </ClCompile>
    <ClCompile Include="Add_Movie.cpp">
      <Filter>Source Files</Filter>
    </ClCompile>
    <ClCompile Include="Buy_Ticket.cpp">
      <Filter>Source Files</Filter>
    </ClCompile>
    <ClCompile Include="Cinema.cpp">
      <Filter>Source Files</Filter>
    </ClCompile>
    <ClCompile Include="Close_Haul.cpp">
      <Filter>Source Files</Filter>
    </ClCompile>
    <ClCompile Include="Command_Handler.cpp">
      <Filter>Source Files</Filter>
    </ClCompile>
    <ClCompile Include="Documentary.cpp">
      <Filter>Source Files</Filter>
    </ClCompile>
    <ClCompile Include="Drama.cpp">
      <Filter>Source Files</Filter>
    </ClCompile>
    <ClCompile Include="Exit_Command.cpp">
      <Filter>Source Files</Filter>
    </ClCompile>
    <ClCompile Include="File.cpp">
      <Filter>Source Files</Filter>
    </ClCompile>
    <ClCompile Include="Haul.cpp">
      <Filter>Source Files</Filter>
    </ClCompile>
    <ClCompile Include="Help_Program.cpp">
      <Filter>Source Files</Filter>
    </ClCompile>
    <ClCompile Include="Id_Counter.cpp">
      <Filter>Source Files</Filter>
    </ClCompile>
    <ClCompile Include="Id_Counter_Manager.cpp">
      <Filter>Source Files</Filter>
    </ClCompile>
    <ClCompile Include="List_History.cpp">
      <Filter>Source Files</Filter>
    </ClCompile>
    <ClCompile Include="List_Movies.cpp">
      <Filter>Source Files</Filter>
    </ClCompile>
    <ClCompile Include="List_Tickets.cpp">
      <Filter>Source Files</Filter>
    </ClCompile>
    <ClCompile Include="List_User_History.cpp">
      <Filter>Source Files</Filter>
    </ClCompile>
    <ClCompile Include="List_User_Tickets.cpp">
      <Filter>Source Files</Filter>
    </ClCompile>
    <ClCompile Include="List_Users.cpp">
      <Filter>Source Files</Filter>
    </ClCompile>
    <ClCompile Include="Login.cpp">
      <Filter>Source Files</Filter>
    </ClCompile>
    <ClCompile Include="Logout.cpp">
      <Filter>Source Files</Filter>
    </ClCompile>
    <ClCompile Include="Movie.cpp">
      <Filter>Source Files</Filter>
    </ClCompile>
    <ClCompile Include="Movie_Factory.cpp">
      <Filter>Source Files</Filter>
    </ClCompile>
    <ClCompile Include="Open_Haul.cpp">
      <Filter>Source Files</Filter>
    </ClCompile>
    <ClCompile Include="Rated.cpp">
      <Filter>Source Files</Filter>
    </ClCompile>
    <ClCompile Include="Rate_Command.cpp">
      <Filter>Source Files</Filter>
    </ClCompile>
    <ClCompile Include="Register.cpp">
      <Filter>Source Files</Filter>
    </ClCompile>
    <ClCompile Include="Remove_Movie.cpp">
      <Filter>Source Files</Filter>
    </ClCompile>
    <ClCompile Include="Remove_User.cpp">
      <Filter>Source Files</Filter>
    </ClCompile>
    <ClCompile Include="Serialize.cpp">
      <Filter>Source Files</Filter>
    </ClCompile>
    <ClCompile Include="Serialize_Rating.cpp">
      <Filter>Source Files</Filter>
    </ClCompile>
    <ClCompile Include="Serialize_Ticket.cpp">
      <Filter>Source Files</Filter>
    </ClCompile>
    <ClCompile Include="Serialize_User.cpp">
      <Filter>Source Files</Filter>
    </ClCompile>
    <ClCompile Include="Serialize_Watched_Movies.cpp">
      <Filter>Source Files</Filter>
    </ClCompile>
    <ClCompile Include="Ticket.cpp">
      <Filter>Source Files</Filter>
    </ClCompile>
    <ClCompile Include="Update_Movie_Haul.cpp">
      <Filter>Source Files</Filter>
    </ClCompile>
    <ClCompile Include="Update_Movie_Title.cpp">
      <Filter>Source Files</Filter>
    </ClCompile>
    <ClCompile Include="User.cpp">
      <Filter>Source Files</Filter>
    </ClCompile>
    <ClCompile Include="User_Input.cpp">
      <Filter>Source Files</Filter>
    </ClCompile>
    <ClCompile Include="main.cpp">
      <Filter>Source Files</Filter>
    </ClCompile>
    <ClCompile Include="MyString.cpp">
      <Filter>Source Files</Filter>
    </ClCompile>
    <ClCompile Include="Haul_Help.cpp">
      <Filter>Source Files</Filter>
    </ClCompile>
  </ItemGroup>
  <ItemGroup>
    <ClInclude Include="Action.h">
      <Filter>Header Files</Filter>
    </ClInclude>
    <ClInclude Include="Add_Movie.h">
      <Filter>Header Files</Filter>
    </ClInclude>
    <ClInclude Include="Buy_Ticket.h">
      <Filter>Header Files</Filter>
    </ClInclude>
    <ClInclude Include="Cinema.h">
      <Filter>Header Files</Filter>
    </ClInclude>
    <ClInclude Include="Close_Haul.h">
      <Filter>Header Files</Filter>
    </ClInclude>
    <ClInclude Include="Command.h">
      <Filter>Header Files</Filter>
    </ClInclude>
    <ClInclude Include="Command_Handler.h">
      <Filter>Header Files</Filter>
    </ClInclude>
    <ClInclude Include="Constants.h">
      <Filter>Header Files</Filter>
    </ClInclude>
    <ClInclude Include="Documentary.h">
      <Filter>Header Files</Filter>
    </ClInclude>
    <ClInclude Include="Drama.h">
      <Filter>Header Files</Filter>
    </ClInclude>
    <ClInclude Include="Exit_Command.h">
      <Filter>Header Files</Filter>
    </ClInclude>
    <ClInclude Include="File.h">
      <Filter>Header Files</Filter>
    </ClInclude>
    <ClInclude Include="Haul.h">
      <Filter>Header Files</Filter>
    </ClInclude>
    <ClInclude Include="Help_Program.h">
      <Filter>Header Files</Filter>
    </ClInclude>
    <ClInclude Include="Id_Counter.h">
      <Filter>Header Files</Filter>
    </ClInclude>
    <ClInclude Include="Id_Counter_Manager.h">
      <Filter>Header Files</Filter>
    </ClInclude>
    <ClInclude Include="List_History.h">
      <Filter>Header Files</Filter>
    </ClInclude>
    <ClInclude Include="List_Movies.h">
      <Filter>Header Files</Filter>
    </ClInclude>
    <ClInclude Include="List_Tickets.h">
      <Filter>Header Files</Filter>
    </ClInclude>
    <ClInclude Include="List_User_History.h">
      <Filter>Header Files</Filter>
    </ClInclude>
    <ClInclude Include="List_User_Tickets.h">
      <Filter>Header Files</Filter>
    </ClInclude>
    <ClInclude Include="List_Users.h">
      <Filter>Header Files</Filter>
    </ClInclude>
    <ClInclude Include="Login.h">
      <Filter>Header Files</Filter>
    </ClInclude>
    <ClInclude Include="Logout.h">
      <Filter>Header Files</Filter>
    </ClInclude>
    <ClInclude Include="Movie.h">
      <Filter>Header Files</Filter>
    </ClInclude>
    <ClInclude Include="Movie_Factory.h">
      <Filter>Header Files</Filter>
    </ClInclude>
    <ClInclude Include="Open_Haul.h">
      <Filter>Header Files</Filter>
    </ClInclude>
    <ClInclude Include="Rated.h">
      <Filter>Header Files</Filter>
    </ClInclude>
    <ClInclude Include="Rate_Command.h">
      <Filter>Header Files</Filter>
    </ClInclude>
    <ClInclude Include="Register.h">
      <Filter>Header Files</Filter>
    </ClInclude>
    <ClInclude Include="Remove_Movie.h">
      <Filter>Header Files</Filter>
    </ClInclude>
    <ClInclude Include="Remove_User.h">
      <Filter>Header Files</Filter>
    </ClInclude>
    <ClInclude Include="Serialize.h">
      <Filter>Header Files</Filter>
    </ClInclude>
    <ClInclude Include="Serialize_Rating.h">
      <Filter>Header Files</Filter>
    </ClInclude>
    <ClInclude Include="Serialize_Ticket.h">
      <Filter>Header Files</Filter>
    </ClInclude>
    <ClInclude Include="Serialize_User.h">
      <Filter>Header Files</Filter>
    </ClInclude>
    <ClInclude Include="Serialize_Watched_Movies.h">
      <Filter>Header Files</Filter>
    </ClInclude>
    <ClInclude Include="Ticket.h">
      <Filter>Header Files</Filter>
    </ClInclude>
    <ClInclude Include="Update_Movie_Haul.h">
      <Filter>Header Files</Filter>
    </ClInclude>
    <ClInclude Include="Update_Movie_Title.h">
      <Filter>Header Files</Filter>
    </ClInclude>
    <ClInclude Include="User.h">
      <Filter>Header Files</Filter>
    </ClInclude>
    <ClInclude Include="User_Input.h">
      <Filter>Header Files</Filter>
    </ClInclude>
    <ClInclude Include="Vector.hpp">
      <Filter>Source Files</Filter>
    </ClInclude>
    <ClInclude Include="MyString.h">
      <Filter>Header Files</Filter>
    </ClInclude>
    <ClInclude Include="Haul_Help.h">
      <Filter>Header Files</Filter>
    </ClInclude>
  </ItemGroup>
</Project>